{
  "name": "ccfolia-log-uploader",
  "version": "1.0.0",
  "lockfileVersion": 3,
  "requires": true,
  "packages": {
    "": {
      "name": "ccfolia-log-uploader",
      "version": "1.0.0",
      "dependencies": {
        "@octokit/rest": "20.1.0",
        "axios": "1.5.0",
        "cookie": "0.5.0",
        "joi": "17.9.2",
        "multer": "1.0.0"
      }
    }
  }
}
